
Microsoft Visual Studio Solution File, Format Version 12.00
# Visual Studio Version 16
VisualStudioVersion = 16.0.30330.147
MinimumVisualStudioVersion = 10.0.40219.1
Project("{9A19103F-16F7-4668-BE54-9A1E7A4F7556}") = "Sumar", "Sumar\Sumar.csproj", "{76ACBAE9-42CC-4518-8D0C-63781BB675B6}"
EndProject
Global
	GlobalSection(SolutionConfigurationPlatforms) = preSolution
		Debug|Any CPU = Debug|Any CPU
		Release|Any CPU = Release|Any CPU
	EndGlobalSection
	GlobalSection(ProjectConfigurationPlatforms) = postSolution
		{76ACBAE9-42CC-4518-8D0C-63781BB675B6}.Debug|Any CPU.ActiveCfg = Debug|Any CPU
		{76ACBAE9-42CC-4518-8D0C-63781BB675B6}.Debug|Any CPU.Build.0 = Debug|Any CPU
		{76ACBAE9-42CC-4518-8D0C-63781BB675B6}.Release|Any CPU.ActiveCfg = Release|Any CPU
		{76ACBAE9-42CC-4518-8D0C-63781BB675B6}.Release|Any CPU.Build.0 = Release|Any CPU
	EndGlobalSection
	GlobalSection(SolutionProperties) = preSolution
		HideSolutionNode = FALSE
	EndGlobalSection
	GlobalSection(ExtensibilityGlobals) = postSolution
		SolutionGuid = {E40182EA-FCFA-42E9-967A-A47FE7B5987E}
	EndGlobalSection
EndGlobal
